
Microsoft Visual Studio Solution File, Format Version 12.00
# Visual Studio 15
VisualStudioVersion = 15.0.27428.2015
MinimumVisualStudioVersion = 10.0.40219.1
Project("{FAE04EC0-301F-11D3-BF4B-00C04F79EFBC}") = "Warehouse", "Warehouse\Warehouse.csproj", "{66E1E38E-2E9F-4948-94AC-8FB454AAE905}"
EndProject
Global
	GlobalSection(SolutionConfigurationPlatforms) = preSolution
		Debug|Any CPU = Debug|Any CPU
		Release|Any CPU = Release|Any CPU
	EndGlobalSection
	GlobalSection(ProjectConfigurationPlatforms) = postSolution
		{66E1E38E-2E9F-4948-94AC-8FB454AAE905}.Debug|Any CPU.ActiveCfg = Debug|Any CPU
		{66E1E38E-2E9F-4948-94AC-8FB454AAE905}.Debug|Any CPU.Build.0 = Debug|Any CPU
		{66E1E38E-2E9F-4948-94AC-8FB454AAE905}.Release|Any CPU.ActiveCfg = Release|Any CPU
		{66E1E38E-2E9F-4948-94AC-8FB454AAE905}.Release|Any CPU.Build.0 = Release|Any CPU
	EndGlobalSection
	GlobalSection(SolutionProperties) = preSolution
		HideSolutionNode = FALSE
	EndGlobalSection
	GlobalSection(ExtensibilityGlobals) = postSolution
		SolutionGuid = {510E5C1B-89F0-4A06-8179-E29E4D2A1A54}
	EndGlobalSection
EndGlobal
